{
  "name": "modulo",
  "version": "1.0.0",
  "lockfileVersion": 3,
  "requires": true,
  "packages": {
    "": {
      "name": "modulo",
      "version": "1.0.0",
      "license": "ISC",
      "dependencies": {
        "ri4": "file:.."
      }
    },
    "..": {
      "version": "1.0.0",
      "license": "ISC"
    },
    "node_modules/ri4": {
      "resolved": "..",
      "link": true
    }
  }
}
